# This file is autogenerated, do not edit; changes may be undone by the next 'dep ensure'.


[[projects]]
  digest = "1:67577d57c309261e831d331fda1cdce4f48368d77711ebdb87e0f52d1f54135c"
  name = "github.com/aws/aws-sdk-go"
  packages = [
    "aws",
    "aws/awserr",
    "aws/awsutil",
    "aws/client",
    "aws/client/metadata",
    "aws/corehandlers",
    "aws/credentials",
    "aws/credentials/ec2rolecreds",
    "aws/credentials/endpointcreds",
    "aws/credentials/processcreds",
    "aws/credentials/stscreds",
    "aws/csm",
    "aws/defaults",
    "aws/ec2metadata",
    "aws/endpoints",
    "aws/request",
    "aws/session",
    "aws/signer/v4",
    "internal/ini",
    "internal/sdkio",
    "internal/sdkmath",
    "internal/sdkrand",
    "internal/sdkuri",
    "internal/shareddefaults",
    "private/protocol",
    "private/protocol/eventstream",
    "private/protocol/eventstream/eventstreamapi",
    "private/protocol/json/jsonutil",
    "private/protocol/jsonrpc",
    "private/protocol/query",
    "private/protocol/query/queryutil",
    "private/protocol/rest",
    "private/protocol/xml/xmlutil",
    "service/firehose",
    "service/kinesis",
    "service/sts",
    "service/sts/stsiface",
  ]
  pruneopts = ""
  revision = "6e7b2b1d30f3c9d7dc6dcf48a60aac7d345c7ff7"
  version = "v1.24.6"

[[projects]]
  digest = "1:13fe471d0ed891e8544eddfeeb0471fd3c9f2015609a1c000aefdedf52a19d40"
  name = "github.com/jmespath/go-jmespath"
  packages = ["."]
  pruneopts = ""
  revision = "c2b33e84"

[[projects]]
  digest = "1:ef0f9731bc6c3c59396adc50f36da36ca98c704812c449794f9326f7bc64b5f1"
  name = "github.com/jpillora/backoff"
  packages = ["."]
  pruneopts = ""
  revision = "8eab2debe79d12b7bd3d10653910df25fa9552ba"
  version = "1.0.0"

[[projects]]
  digest = "1:a9ac823421527eaf6566301956cc5ae6dc312f4c0746afc0aa2f23b96f6458bd"
  name = "github.com/rs/xid"
  packages = ["."]
  pruneopts = ""
  revision = "15d26544def341f036c5f8dca987a4cbe575032c"
  version = "v1.2.1"

[solve-meta]
  analyzer-name = "dep"
  analyzer-version = 1
  input-imports = [
    "github.com/aws/aws-sdk-go/aws",
    "github.com/aws/aws-sdk-go/aws/awserr",
    "github.com/aws/aws-sdk-go/aws/session",
    "github.com/aws/aws-sdk-go/service/firehose",
    "github.com/aws/aws-sdk-go/service/kinesis",
    "github.com/jpillora/backoff",
    "github.com/rs/xid",
  ]
  solver-name = "gps-cdcl"
  solver-version = 1
